
Microsoft Visual Studio Solution File, Format Version 12.00
# Visual Studio Version 16
VisualStudioVersion = 16.0.30204.135
MinimumVisualStudioVersion = 10.0.40219.1
Project("{8BC9CEB8-8B4A-11D0-8D11-00A0C91BC942}") = "NetworkEngine", "NetworkEngine\NetworkEngine.vcxproj", "{3F768118-7CC9-4C1D-87C9-AAE3CC2DF8AE}"
EndProject
Global
	GlobalSection(SolutionConfigurationPlatforms) = preSolution
		Debug|x64 = Debug|x64
		Debug|x86 = Debug|x86
		Release|x64 = Release|x64
		Release|x86 = Release|x86
	EndGlobalSection
	GlobalSection(ProjectConfigurationPlatforms) = postSolution
		{3F768118-7CC9-4C1D-87C9-AAE3CC2DF8AE}.Debug|x64.ActiveCfg = Debug|x64
		{3F768118-7CC9-4C1D-87C9-AAE3CC2DF8AE}.Debug|x64.Build.0 = Debug|x64
		{3F768118-7CC9-4C1D-87C9-AAE3CC2DF8AE}.Debug|x86.ActiveCfg = Debug|Win32
		{3F768118-7CC9-4C1D-87C9-AAE3CC2DF8AE}.Debug|x86.Build.0 = Debug|Win32
		{3F768118-7CC9-4C1D-87C9-AAE3CC2DF8AE}.Release|x64.ActiveCfg = Release|x64
		{3F768118-7CC9-4C1D-87C9-AAE3CC2DF8AE}.Release|x64.Build.0 = Release|x64
		{3F768118-7CC9-4C1D-87C9-AAE3CC2DF8AE}.Release|x86.ActiveCfg = Release|Win32
		{3F768118-7CC9-4C1D-87C9-AAE3CC2DF8AE}.Release|x86.Build.0 = Release|Win32
	EndGlobalSection
	GlobalSection(SolutionProperties) = preSolution
		HideSolutionNode = FALSE
	EndGlobalSection
	GlobalSection(ExtensibilityGlobals) = postSolution
		SolutionGuid = {E983907E-F941-4C11-B125-44C1BD12BCBF}
	EndGlobalSection
EndGlobal
